{
  "nodes": {
    "ctcache-src": {
      "flake": false,
      "locked": {
        "lastModified": 1756833688,
        "narHash": "sha256-HjinmEIyFtj99xuI5DahHNNR+Lrghb1IBCpY5lmS08A=",
        "owner": "matus-chochlik",
        "repo": "ctcache",
        "rev": "e33c063ca6e52b48bcefbc45d46d8c150ffa81ca",
        "type": "github"
      },
      "original": {
        "owner": "matus-chochlik",
        "ref": "1.2.0",
        "repo": "ctcache",
        "type": "github"
      }
    },
    "niobium-fhetch-src": {
      "flake": false,
      "locked": {
        "lastModified": 1788537223,
        "ref": "refs/heads/main",
        "rev": "8a3000a7c27933a1c32f99fe9dee4aaa7567a98a",
        "revCount": 211,
        "submodules": true,
        "type": "git",
        "url": "https://github.com/NiobiumInc/niobium-fhetch.git"
      },
      "original": {
        "submodules": true,
        "type": "git",
        "url": "https://github.com/NiobiumInc/niobium-fhetch.git"
      }
    },
    "nixpkgs": {
      "locked": {
        "lastModified": 1777268161,
        "narHash": "sha256-bxrdOn8SCOv8tN4JbTF/TXq7kjo9ag4M+C8yzzIRYbE=",
        "owner": "NixOS",
        "repo": "nixpkgs",
        "rev": "1c3fe55ad329cbcb28471bb30f05c9827f724c76",
        "type": "github"
      },
      "original": {
        "owner": "NixOS",
        "ref": "nixos-unstable",
        "repo": "nixpkgs",
        "type": "github"
      }
    },
    "openfhe-stock-src": {
      "flake": false,
      "locked": {
        "lastModified": 1790626046,
        "narHash": "sha256-jlh5azqKAgbmX2nWZrDuxutj9dufgqrdUzGfj4wb3Bc=",
        "ref": "refs/tags/v1.6.0",
        "rev": "6206d24f9eefefc620b524a4f2b9f308feb91e9f",
        "revCount": 846,
        "submodules": true,
        "type": "git",
        "url": "https://github.com/openfheorg/openfhe-development.git"
      },
      "original": {
        "ref": "refs/tags/v1.6.0",
        "submodules": true,
        "type": "git",
        "url": "https://github.com/openfheorg/openfhe-development.git"
      }
    },
    "root": {
      "inputs": {
        "ctcache-src": "ctcache-src",
        "niobium-fhetch-src": "niobium-fhetch-src",
        "nixpkgs": "nixpkgs",
        "openfhe-stock-src": "openfhe-stock-src"
      }
    }
  },
  "root": "root",
  "version": 7
}
