{
  "nodes": {
    "niobium-fhetch-src": {
      "flake": false,
      "locked": {
        "lastModified": 1778605016,
        "narHash": "sha256-O2KUt3mVZlqFf7V1F1l9llj9wepDQ4Eeaa0wIrQOEWw=",
        "ref": "refs/heads/main",
        "rev": "d111dd15dece72916a788593bdff60a6a5c3680a",
        "revCount": 101,
        "submodules": true,
        "type": "git",
        "url": "ssh://git@github.com/NiobiumInc/niobium-fhetch.git"
      },
      "original": {
        "submodules": true,
        "type": "git",
        "url": "ssh://git@github.com/NiobiumInc/niobium-fhetch.git"
      }
    },
    "nixpkgs": {
      "locked": {
        "lastModified": 1777268161,
        "narHash": "sha256-bxrdOn8SCOv8tN4JbTF/TXq7kjo9ag4M+C8yzzIRYbE=",
        "owner": "NixOS",
        "repo": "nixpkgs",
        "rev": "1c3fe55ad329cbcb28471bb30f05c9827f724c76",
        "type": "github"
      },
      "original": {
        "owner": "NixOS",
        "ref": "nixos-unstable",
        "repo": "nixpkgs",
        "type": "github"
      }
    },
    "root": {
      "inputs": {
        "niobium-fhetch-src": "niobium-fhetch-src",
        "nixpkgs": "nixpkgs"
      }
    }
  },
  "root": "root",
  "version": 7
}
