{
  "nodes": {
    "ctcache-src": {
      "flake": false,
      "locked": {
        "lastModified": 1756833688,
        "narHash": "sha256-HjinmEIyFtj99xuI5DahHNNR+Lrghb1IBCpY5lmS08A=",
        "owner": "matus-chochlik",
        "repo": "ctcache",
        "rev": "e33c063ca6e52b48bcefbc45d46d8c150ffa81ca",
        "type": "github"
      },
      "original": {
        "owner": "matus-chochlik",
        "ref": "1.2.0",
        "repo": "ctcache",
        "type": "github"
      }
    },
    "niobium-fhetch-src": {
      "flake": false,
      "locked": {
        "lastModified": 1779247542,
        "ref": "refs/heads/main",
        "rev": "73e7b2c8e58b6579bc6b7493e2b6c388ef6e7c77",
        "revCount": 108,
        "submodules": true,
        "type": "git",
        "url": "ssh://git@github.com/NiobiumInc/niobium-fhetch.git"
      },
      "original": {
        "submodules": true,
        "type": "git",
        "url": "ssh://git@github.com/NiobiumInc/niobium-fhetch.git"
      }
    },
    "nixpkgs": {
      "locked": {
        "lastModified": 1777268161,
        "narHash": "sha256-bxrdOn8SCOv8tN4JbTF/TXq7kjo9ag4M+C8yzzIRYbE=",
        "owner": "NixOS",
        "repo": "nixpkgs",
        "rev": "1c3fe55ad329cbcb28471bb30f05c9827f724c76",
        "type": "github"
      },
      "original": {
        "owner": "NixOS",
        "ref": "nixos-unstable",
        "repo": "nixpkgs",
        "type": "github"
      }
    },
    "root": {
      "inputs": {
        "ctcache-src": "ctcache-src",
        "niobium-fhetch-src": "niobium-fhetch-src",
        "nixpkgs": "nixpkgs"
      }
    }
  },
  "root": "root",
  "version": 7
}
